{
  "originHash" : "29023329341e6a508567c71e42d90e484dc347dfca1f233eb4c310165527e74b",
  "pins" : [
    {
      "identity" : "swift-argument-parser",
      "kind" : "remoteSourceControl",
      "location" : "https://github.com/apple/swift-argument-parser",
      "state" : {
        "revision" : "cdd0ef3755280949551dc26dee5de9ddeda89f54",
        "version" : "1.6.2"
      }
    },
    {
      "identity" : "swift-syntax",
      "kind" : "remoteSourceControl",
      "location" : "https://github.com/swiftlang/swift-syntax",
      "state" : {
        "revision" : "0687f71944021d616d34d922343dcef086855920",
        "version" : "600.0.1"
      }
    },
    {
      "identity" : "swiftgodot",
      "kind" : "remoteSourceControl",
      "location" : "https://github.com/migueldeicaza/SwiftGodot",
      "state" : {
        "branch" : "main",
        "revision" : "f36b1fd0ba3b49dd6c4c9922099dedd43eeddc8f"
      }
    }
  ],
  "version" : 3
}
